#MicroXplorer Configuration settings - do not modify
File.Version=6
KeepUserPlacement=false
Mcu.Family=STM32L0
Mcu.IP0=NVIC
Mcu.IP1=RCC
Mcu.IP2=SPI1
Mcu.IP3=SYS
Mcu.IP4=TIM2
Mcu.IP5=USART1
Mcu.IPNb=6
Mcu.Name=STM32L051K(6-8)Tx
Mcu.Package=LQFP32
Mcu.Pin0=PA0
Mcu.Pin1=PA1
Mcu.Pin10=PA11
Mcu.Pin11=PA13
Mcu.Pin12=PA14
Mcu.Pin13=VP_SYS_VS_Systick
Mcu.Pin2=PA2
Mcu.Pin3=PA3
Mcu.Pin4=PA4
Mcu.Pin5=PA5
Mcu.Pin6=PA6
Mcu.Pin7=PA7
Mcu.Pin8=PA9
Mcu.Pin9=PA10
Mcu.PinsNb=14
Mcu.UserConstants=
Mcu.UserName=STM32L051K8Tx
MxCube.Version=4.14.0
MxDb.Version=DB.4.0.140
NVIC.HardFault_IRQn=true\:0\:0\:false\:false\:true
NVIC.NonMaskableInt_IRQn=true\:0\:0\:false\:false\:true
NVIC.SysTick_IRQn=true\:0\:0\:false\:false\:true
PA0.Locked=true
PA0.Mode=Wake_Up_1
PA0.Signal=SYS_WKUP1
PA1.GPIOParameters=GPIO_Label
PA1.GPIO_Label=pinSwithValue
PA1.Locked=true
PA1.Signal=GPIO_Input
PA10.Locked=true
PA10.Mode=Asynchronous
PA10.Signal=USART1_RX
PA11.GPIOParameters=GPIO_Label
PA11.GPIO_Label=pinDio0
PA11.Locked=true
PA11.Signal=GPIO_Input
PA13.Locked=true
PA13.Mode=Serial_Wire
PA13.Signal=SYS_SWDIO
PA14.Mode=Serial_Wire
PA14.Signal=SYS_SWCLK
PA2.GPIOParameters=GPIO_Label
PA2.GPIO_Label=pinLed
PA2.Locked=true
PA2.Signal=S_TIM2_CH3
PA3.GPIOParameters=GPIO_Label
PA3.GPIO_Label=pinRfmPower
PA3.Locked=true
PA3.Signal=GPIO_Output
PA4.Mode=NSS_Signal_Hard_Output
PA4.Signal=SPI1_NSS
PA5.Locked=true
PA5.Mode=Full_Duplex_Master
PA5.Signal=SPI1_SCK
PA6.Locked=true
PA6.Mode=Full_Duplex_Master
PA6.Signal=SPI1_MISO
PA7.Locked=true
PA7.Mode=Full_Duplex_Master
PA7.Signal=SPI1_MOSI
PA9.Locked=true
PA9.Mode=Asynchronous
PA9.Signal=USART1_TX
PCC.Checker=true
PCC.Line=STM32L0x1
PCC.MCU=STM32L051K(6-8)Tx
PCC.MXVersion=4.14.0
PCC.PartNumber=STM32L051K8Tx
PCC.Seq0=0
PCC.Series=STM32L0
PCC.Temperature=25
PCC.Vdd=null
RCC.ADCFreq_Value=4000000
RCC.AHBFreq_Value=2097000
RCC.APB1Freq_Value=2097000
RCC.APB1TimFreq_Value=2097000
RCC.APB2Freq_Value=2097000
RCC.APB2TimFreq_Value=2097000
RCC.FCLKCortexFreq_Value=2097000
RCC.FamilyName=M
RCC.HCLKFreq_Value=2097000
RCC.HSI16_VALUE=16000000
RCC.HSIRCDiv=4
RCC.HSI_VALUE=4000000
RCC.I2C1Freq_Value=2097000
RCC.IPParameters=FamilyName,MSI_VALUE,SYSCLKFreq_VALUE,AHBFreq_Value,TIMFreq_Value,APB1Freq_Value,APB1TimFreq_Value,LPTIMFreq_Value,APB2Freq_Value,APB2TimFreq_Value,PWRFreq_Value,LSI_VALUE,WatchDogFreq_Value,RTCFreq_Value,USART1Freq_Value,I2C1Freq_Value,HSI16_VALUE,HSI_VALUE,VCOOutputFreq_Value,PLLCLKFreq_Value,LSE_VALUE,USART2Freq_Value,HCLKFreq_Value,TimerFreq_Value,FCLKCortexFreq_Value,MCOPinFreq_Value,ADCFreq_Value,VCOInputFreq_Value,HSIRCDiv,PLLDIV,PLLMUL
RCC.LPTIMFreq_Value=2097000
RCC.LSE_VALUE=32768
RCC.LSI_VALUE=37000
RCC.MCOPinFreq_Value=2097000
RCC.MSI_VALUE=2097000
RCC.PLLCLKFreq_Value=4000000
RCC.PLLDIV=RCC_PLLDIV_4
RCC.PLLMUL=RCC_PLLMUL_4
RCC.PWRFreq_Value=2097000
RCC.RTCFreq_Value=37000
RCC.SYSCLKFreq_VALUE=2097000
RCC.TIMFreq_Value=2097000
RCC.TimerFreq_Value=2097000
RCC.USART1Freq_Value=2097000
RCC.USART2Freq_Value=2097000
RCC.VCOInputFreq_Value=4000000
RCC.VCOOutputFreq_Value=16000000
RCC.WatchDogFreq_Value=37000
SH.S_TIM2_CH3.0=TIM2_CH3,PWM Generation3 CH3
SH.S_TIM2_CH3.ConfNb=1
SPI1.CalculateBaudRate=1.0485 MBits/s
SPI1.IPParameters=Mode,CalculateBaudRate,VirtualNSS
SPI1.Mode=SPI_MODE_MASTER
SPI1.VirtualNSS=VM_NSSHARD
TIM2.Channel-PWM\ Generation3\ CH3=TIM_CHANNEL_3
TIM2.IPParameters=Channel-PWM Generation3 CH3
VP_SYS_VS_Systick.Mode=SysTick
VP_SYS_VS_Systick.Signal=SYS_VS_Systick
